// !$*UTF8*$!
{
	archiveVersion = 1;
	classes = {
	};
	objectVersion = 55;
	objects = {

/* Begin PBXBuildFile section */
		74754FD2276D02070028268E /* Record.swift in Sources */ = {isa = PBXBuildFile; fileRef = 74754FD1276D02070028268E /* Record.swift */; };
		74754FD4276D06480028268E /* RecordsCaretaker.swift in Sources */ = {isa = PBXBuildFile; fileRef = 74754FD3276D06480028268E /* RecordsCaretaker.swift */; };
		74754FD6276D08B00028268E /* RecordsVC.swift in Sources */ = {isa = PBXBuildFile; fileRef = 74754FD5276D08B00028268E /* RecordsVC.swift */; };
		7483831527745FF8001D69C7 /* Difficulty.swift in Sources */ = {isa = PBXBuildFile; fileRef = 7483831427745FF8001D69C7 /* Difficulty.swift */; };
		748383172774651F001D69C7 /* OrderOfQuestionsStrategy.swift in Sources */ = {isa = PBXBuildFile; fileRef = 748383162774651F001D69C7 /* OrderOfQuestionsStrategy.swift */; };
		7483831927747EFA001D69C7 /* SettingsVC.swift in Sources */ = {isa = PBXBuildFile; fileRef = 7483831827747EFA001D69C7 /* SettingsVC.swift */; };
		7483831B277489F4001D69C7 /* Observable.swift in Sources */ = {isa = PBXBuildFile; fileRef = 7483831A277489F4001D69C7 /* Observable.swift */; };
		74E2C639276B3209002363B4 /* AppDelegate.swift in Sources */ = {isa = PBXBuildFile; fileRef = 74E2C638276B3209002363B4 /* AppDelegate.swift */; };
		74E2C63B276B3209002363B4 /* SceneDelegate.swift in Sources */ = {isa = PBXBuildFile; fileRef = 74E2C63A276B3209002363B4 /* SceneDelegate.swift */; };
		74E2C63D276B3209002363B4 /* MenuVC.swift in Sources */ = {isa = PBXBuildFile; fileRef = 74E2C63C276B3209002363B4 /* MenuVC.swift */; };
		74E2C640276B3209002363B4 /* Main.storyboard in Resources */ = {isa = PBXBuildFile; fileRef = 74E2C63E276B3209002363B4 /* Main.storyboard */; };
		74E2C642276B3209002363B4 /* Assets.xcassets in Resources */ = {isa = PBXBuildFile; fileRef = 74E2C641276B3209002363B4 /* Assets.xcassets */; };
		74E2C645276B3209002363B4 /* LaunchScreen.storyboard in Resources */ = {isa = PBXBuildFile; fileRef = 74E2C643276B3209002363B4 /* LaunchScreen.storyboard */; };
		74E2C64D276B36FE002363B4 /* Question.swift in Sources */ = {isa = PBXBuildFile; fileRef = 74E2C64C276B36FE002363B4 /* Question.swift */; };
		74E2C64F276B60DF002363B4 /* GameVC.swift in Sources */ = {isa = PBXBuildFile; fileRef = 74E2C64E276B60DF002363B4 /* GameVC.swift */; };
		74E2C651276B98EF002363B4 /* Game.swift in Sources */ = {isa = PBXBuildFile; fileRef = 74E2C650276B98EF002363B4 /* Game.swift */; };
		74E2C653276B98F8002363B4 /* GameSession.swift in Sources */ = {isa = PBXBuildFile; fileRef = 74E2C652276B98F8002363B4 /* GameSession.swift */; };
/* End PBXBuildFile section */

/* Begin PBXFileReference section */
		74754FD1276D02070028268E /* Record.swift */ = {isa = PBXFileReference; lastKnownFileType = sourcecode.swift; path = Record.swift; sourceTree = "<group>"; };
		74754FD3276D06480028268E /* RecordsCaretaker.swift */ = {isa = PBXFileReference; lastKnownFileType = sourcecode.swift; path = RecordsCaretaker.swift; sourceTree = "<group>"; };
		74754FD5276D08B00028268E /* RecordsVC.swift */ = {isa = PBXFileReference; lastKnownFileType = sourcecode.swift; path = RecordsVC.swift; sourceTree = "<group>"; };
		7483831427745FF8001D69C7 /* Difficulty.swift */ = {isa = PBXFileReference; lastKnownFileType = sourcecode.swift; name = Difficulty.swift; path = Who_want_to_be_a_millionaire/Difficulty.swift; sourceTree = SOURCE_ROOT; };
		748383162774651F001D69C7 /* OrderOfQuestionsStrategy.swift */ = {isa = PBXFileReference; lastKnownFileType = sourcecode.swift; path = OrderOfQuestionsStrategy.swift; sourceTree = "<group>"; };
		7483831827747EFA001D69C7 /* SettingsVC.swift */ = {isa = PBXFileReference; lastKnownFileType = sourcecode.swift; path = SettingsVC.swift; sourceTree = "<group>"; };
		7483831A277489F4001D69C7 /* Observable.swift */ = {isa = PBXFileReference; lastKnownFileType = sourcecode.swift; path = Observable.swift; sourceTree = "<group>"; };
		74E2C635276B3209002363B4 /* Who_want_to_be_a_millionaire.app */ = {isa = PBXFileReference; explicitFileType = wrapper.application; includeInIndex = 0; path = Who_want_to_be_a_millionaire.app; sourceTree = BUILT_PRODUCTS_DIR; };
		74E2C638276B3209002363B4 /* AppDelegate.swift */ = {isa = PBXFileReference; lastKnownFileType = sourcecode.swift; path = AppDelegate.swift; sourceTree = "<group>"; };
		74E2C63A276B3209002363B4 /* SceneDelegate.swift */ = {isa = PBXFileReference; lastKnownFileType = sourcecode.swift; path = SceneDelegate.swift; sourceTree = "<group>"; };
		74E2C63C276B3209002363B4 /* MenuVC.swift */ = {isa = PBXFileReference; lastKnownFileType = sourcecode.swift; path = MenuVC.swift; sourceTree = "<group>"; };
		74E2C63F276B3209002363B4 /* Base */ = {isa = PBXFileReference; lastKnownFileType = file.storyboard; name = Base; path = Base.lproj/Main.storyboard; sourceTree = "<group>"; };
		74E2C641276B3209002363B4 /* Assets.xcassets */ = {isa = PBXFileReference; lastKnownFileType = folder.assetcatalog; path = Assets.xcassets; sourceTree = "<group>"; };
		74E2C644276B3209002363B4 /* Base */ = {isa = PBXFileReference; lastKnownFileType = file.storyboard; name = Base; path = Base.lproj/LaunchScreen.storyboard; sourceTree = "<group>"; };
		74E2C646276B3209002363B4 /* Info.plist */ = {isa = PBXFileReference; lastKnownFileType = text.plist.xml; path = Info.plist; sourceTree = "<group>"; };
		74E2C64C276B36FE002363B4 /* Question.swift */ = {isa = PBXFileReference; lastKnownFileType = sourcecode.swift; path = Question.swift; sourceTree = "<group>"; };
		74E2C64E276B60DF002363B4 /* GameVC.swift */ = {isa = PBXFileReference; lastKnownFileType = sourcecode.swift; path = GameVC.swift; sourceTree = "<group>"; };
		74E2C650276B98EF002363B4 /* Game.swift */ = {isa = PBXFileReference; lastKnownFileType = sourcecode.swift; path = Game.swift; sourceTree = "<group>"; };
		74E2C652276B98F8002363B4 /* GameSession.swift */ = {isa = PBXFileReference; lastKnownFileType = sourcecode.swift; path = GameSession.swift; sourceTree = "<group>"; };
/* End PBXFileReference section */

/* Begin PBXFrameworksBuildPhase section */
		74E2C632276B3209002363B4 /* Frameworks */ = {
			isa = PBXFrameworksBuildPhase;
			buildActionMask = 2147483647;
			files = (
			);
			runOnlyForDeploymentPostprocessing = 0;
		};
/* End PBXFrameworksBuildPhase section */

/* Begin PBXGroup section */
		74754FD7276D11440028268E /* ViewControllers */ = {
			isa = PBXGroup;
			children = (
				74E2C63C276B3209002363B4 /* MenuVC.swift */,
				74E2C64E276B60DF002363B4 /* GameVC.swift */,
				74754FD5276D08B00028268E /* RecordsVC.swift */,
				7483831827747EFA001D69C7 /* SettingsVC.swift */,
			);
			path = ViewControllers;
			sourceTree = "<group>";
		};
		74E2C62C276B3208002363B4 = {
			isa = PBXGroup;
			children = (
				74E2C637276B3209002363B4 /* Who_want_to_be_a_millionaire */,
				74E2C636276B3209002363B4 /* Products */,
			);
			sourceTree = "<group>";
		};
		74E2C636276B3209002363B4 /* Products */ = {
			isa = PBXGroup;
			children = (
				74E2C635276B3209002363B4 /* Who_want_to_be_a_millionaire.app */,
			);
			name = Products;
			sourceTree = "<group>";
		};
		74E2C637276B3209002363B4 /* Who_want_to_be_a_millionaire */ = {
			isa = PBXGroup;
			children = (
				74E2C638276B3209002363B4 /* AppDelegate.swift */,
				74E2C63A276B3209002363B4 /* SceneDelegate.swift */,
				74754FD7276D11440028268E /* ViewControllers */,
				74754FD3276D06480028268E /* RecordsCaretaker.swift */,
				7483831427745FF8001D69C7 /* Difficulty.swift */,
				7483831A277489F4001D69C7 /* Observable.swift */,
				748383162774651F001D69C7 /* OrderOfQuestionsStrategy.swift */,
				74E2C650276B98EF002363B4 /* Game.swift */,
				74754FD1276D02070028268E /* Record.swift */,
				74E2C652276B98F8002363B4 /* GameSession.swift */,
				74E2C64C276B36FE002363B4 /* Question.swift */,
				74E2C63E276B3209002363B4 /* Main.storyboard */,
				74E2C643276B3209002363B4 /* LaunchScreen.storyboard */,
				74E2C641276B3209002363B4 /* Assets.xcassets */,
				74E2C646276B3209002363B4 /* Info.plist */,
			);
			path = Who_want_to_be_a_millionaire;
			sourceTree = "<group>";
		};
/* End PBXGroup section */

/* Begin PBXNativeTarget section */
		74E2C634276B3209002363B4 /* Who_want_to_be_a_millionaire */ = {
			isa = PBXNativeTarget;
			buildConfigurationList = 74E2C649276B3209002363B4 /* Build configuration list for PBXNativeTarget "Who_want_to_be_a_millionaire" */;
			buildPhases = (
				74E2C631276B3209002363B4 /* Sources */,
				74E2C632276B3209002363B4 /* Frameworks */,
				74E2C633276B3209002363B4 /* Resources */,
			);
			buildRules = (
			);
			dependencies = (
			);
			name = Who_want_to_be_a_millionaire;
			productName = Who_want_to_be_a_millionaire;
			productReference = 74E2C635276B3209002363B4 /* Who_want_to_be_a_millionaire.app */;
			productType = "com.apple.product-type.application";
		};
/* End PBXNativeTarget section */

/* Begin PBXProject section */
		74E2C62D276B3208002363B4 /* Project object */ = {
			isa = PBXProject;
			attributes = {
				BuildIndependentTargetsInParallel = 1;
				LastSwiftUpdateCheck = 1320;
				LastUpgradeCheck = 1320;
				TargetAttributes = {
					74E2C634276B3209002363B4 = {
						CreatedOnToolsVersion = 13.2;
					};
				};
			};
			buildConfigurationList = 74E2C630276B3208002363B4 /* Build configuration list for PBXProject "Who_want_to_be_a_millionaire" */;
			compatibilityVersion = "Xcode 13.0";
			developmentRegion = en;
			hasScannedForEncodings = 0;
			knownRegions = (
				en,
				Base,
			);
			mainGroup = 74E2C62C276B3208002363B4;
			productRefGroup = 74E2C636276B3209002363B4 /* Products */;
			projectDirPath = "";
			projectRoot = "";
			targets = (
				74E2C634276B3209002363B4 /* Who_want_to_be_a_millionaire */,
			);
		};
/* End PBXProject section */

/* Begin PBXResourcesBuildPhase section */
		74E2C633276B3209002363B4 /* Resources */ = {
			isa = PBXResourcesBuildPhase;
			buildActionMask = 2147483647;
			files = (
				74E2C645276B3209002363B4 /* LaunchScreen.storyboard in Resources */,
				74E2C642276B3209002363B4 /* Assets.xcassets in Resources */,
				74E2C640276B3209002363B4 /* Main.storyboard in Resources */,
			);
			runOnlyForDeploymentPostprocessing = 0;
		};
/* End PBXResourcesBuildPhase section */

/* Begin PBXSourcesBuildPhase section */
		74E2C631276B3209002363B4 /* Sources */ = {
			isa = PBXSourcesBuildPhase;
			buildActionMask = 2147483647;
			files = (
				7483831927747EFA001D69C7 /* SettingsVC.swift in Sources */,
				74E2C63D276B3209002363B4 /* MenuVC.swift in Sources */,
				748383172774651F001D69C7 /* OrderOfQuestionsStrategy.swift in Sources */,
				74754FD4276D06480028268E /* RecordsCaretaker.swift in Sources */,
				74E2C651276B98EF002363B4 /* Game.swift in Sources */,
				74754FD2276D02070028268E /* Record.swift in Sources */,
				7483831527745FF8001D69C7 /* Difficulty.swift in Sources */,
				74E2C64D276B36FE002363B4 /* Question.swift in Sources */,
				74E2C639276B3209002363B4 /* AppDelegate.swift in Sources */,
				74E2C653276B98F8002363B4 /* GameSession.swift in Sources */,
				7483831B277489F4001D69C7 /* Observable.swift in Sources */,
				74E2C64F276B60DF002363B4 /* GameVC.swift in Sources */,
				74E2C63B276B3209002363B4 /* SceneDelegate.swift in Sources */,
				74754FD6276D08B00028268E /* RecordsVC.swift in Sources */,
			);
			runOnlyForDeploymentPostprocessing = 0;
		};
/* End PBXSourcesBuildPhase section */

/* Begin PBXVariantGroup section */
		74E2C63E276B3209002363B4 /* Main.storyboard */ = {
			isa = PBXVariantGroup;
			children = (
				74E2C63F276B3209002363B4 /* Base */,
			);
			name = Main.storyboard;
			sourceTree = "<group>";
		};
		74E2C643276B3209002363B4 /* LaunchScreen.storyboard */ = {
			isa = PBXVariantGroup;
			children = (
				74E2C644276B3209002363B4 /* Base */,
			);
			name = LaunchScreen.storyboard;
			sourceTree = "<group>";
		};
/* End PBXVariantGroup section */

/* Begin XCBuildConfiguration section */
		74E2C647276B3209002363B4 /* Debug */ = {
			isa = XCBuildConfiguration;
			buildSettings = {
				ALWAYS_SEARCH_USER_PATHS = NO;
				CLANG_ANALYZER_NONNULL = YES;
				CLANG_ANALYZER_NUMBER_OBJECT_CONVERSION = YES_AGGRESSIVE;
				CLANG_CXX_LANGUAGE_STANDARD = "gnu++17";
				CLANG_CXX_LIBRARY = "libc++";
				CLANG_ENABLE_MODULES = YES;
				CLANG_ENABLE_OBJC_ARC = YES;
				CLANG_ENABLE_OBJC_WEAK = YES;
				CLANG_WARN_BLOCK_CAPTURE_AUTORELEASING = YES;
				CLANG_WARN_BOOL_CONVERSION = YES;
				CLANG_WARN_COMMA = YES;
				CLANG_WARN_CONSTANT_CONVERSION = YES;
				CLANG_WARN_DEPRECATED_OBJC_IMPLEMENTATIONS = YES;
				CLANG_WARN_DIRECT_OBJC_ISA_USAGE = YES_ERROR;
				CLANG_WARN_DOCUMENTATION_COMMENTS = YES;
				CLANG_WARN_EMPTY_BODY = YES;
				CLANG_WARN_ENUM_CONVERSION = YES;
				CLANG_WARN_INFINITE_RECURSION = YES;
				CLANG_WARN_INT_CONVERSION = YES;
				CLANG_WARN_NON_LITERAL_NULL_CONVERSION = YES;
				CLANG_WARN_OBJC_IMPLICIT_RETAIN_SELF = YES;
				CLANG_WARN_OBJC_LITERAL_CONVERSION = YES;
				CLANG_WARN_OBJC_ROOT_CLASS = YES_ERROR;
				CLANG_WARN_QUOTED_INCLUDE_IN_FRAMEWORK_HEADER = YES;
				CLANG_WARN_RANGE_LOOP_ANALYSIS = YES;
				CLANG_WARN_STRICT_PROTOTYPES = YES;
				CLANG_WARN_SUSPICIOUS_MOVE = YES;
				CLANG_WARN_UNGUARDED_AVAILABILITY = YES_AGGRESSIVE;
				CLANG_WARN_UNREACHABLE_CODE = YES;
				CLANG_WARN__DUPLICATE_METHOD_MATCH = YES;
				COPY_PHASE_STRIP = NO;
				DEBUG_INFORMATION_FORMAT = dwarf;
				ENABLE_STRICT_OBJC_MSGSEND = YES;
				ENABLE_TESTABILITY = YES;
				GCC_C_LANGUAGE_STANDARD = gnu11;
				GCC_DYNAMIC_NO_PIC = NO;
				GCC_NO_COMMON_BLOCKS = YES;
				GCC_OPTIMIZATION_LEVEL = 0;
				GCC_PREPROCESSOR_DEFINITIONS = (
					"DEBUG=1",
					"$(inherited)",
				);
				GCC_WARN_64_TO_32_BIT_CONVERSION = YES;
				GCC_WARN_ABOUT_RETURN_TYPE = YES_ERROR;
				GCC_WARN_UNDECLARED_SELECTOR = YES;
				GCC_WARN_UNINITIALIZED_AUTOS = YES_AGGRESSIVE;
				GCC_WARN_UNUSED_FUNCTION = YES;
				GCC_WARN_UNUSED_VARIABLE = YES;
				IPHONEOS_DEPLOYMENT_TARGET = 15.2;
				MTL_ENABLE_DEBUG_INFO = INCLUDE_SOURCE;
				MTL_FAST_MATH = YES;
				ONLY_ACTIVE_ARCH = YES;
				SDKROOT = iphoneos;
				SWIFT_ACTIVE_COMPILATION_CONDITIONS = DEBUG;
				SWIFT_OPTIMIZATION_LEVEL = "-Onone";
			};
			name = Debug;
		};
		74E2C648276B3209002363B4 /* Release */ = {
			isa = XCBuildConfiguration;
			buildSettings = {
				ALWAYS_SEARCH_USER_PATHS = NO;
				CLANG_ANALYZER_NONNULL = YES;
				CLANG_ANALYZER_NUMBER_OBJECT_CONVERSION = YES_AGGRESSIVE;
				CLANG_CXX_LANGUAGE_STANDARD = "gnu++17";
				CLANG_CXX_LIBRARY = "libc++";
				CLANG_ENABLE_MODULES = YES;
				CLANG_ENABLE_OBJC_ARC = YES;
				CLANG_ENABLE_OBJC_WEAK = YES;
				CLANG_WARN_BLOCK_CAPTURE_AUTORELEASING = YES;
				CLANG_WARN_BOOL_CONVERSION = YES;
				CLANG_WARN_COMMA = YES;
				CLANG_WARN_CONSTANT_CONVERSION = YES;
				CLANG_WARN_DEPRECATED_OBJC_IMPLEMENTATIONS = YES;
				CLANG_WARN_DIRECT_OBJC_ISA_USAGE = YES_ERROR;
				CLANG_WARN_DOCUMENTATION_COMMENTS = YES;
				CLANG_WARN_EMPTY_BODY = YES;
				CLANG_WARN_ENUM_CONVERSION = YES;
				CLANG_WARN_INFINITE_RECURSION = YES;
				CLANG_WARN_INT_CONVERSION = YES;
				CLANG_WARN_NON_LITERAL_NULL_CONVERSION = YES;
				CLANG_WARN_OBJC_IMPLICIT_RETAIN_SELF = YES;
				CLANG_WARN_OBJC_LITERAL_CONVERSION = YES;
				CLANG_WARN_OBJC_ROOT_CLASS = YES_ERROR;
				CLANG_WARN_QUOTED_INCLUDE_IN_FRAMEWORK_HEADER = YES;
				CLANG_WARN_RANGE_LOOP_ANALYSIS = YES;
				CLANG_WARN_STRICT_PROTOTYPES = YES;
				CLANG_WARN_SUSPICIOUS_MOVE = YES;
				CLANG_WARN_UNGUARDED_AVAILABILITY = YES_AGGRESSIVE;
				CLANG_WARN_UNREACHABLE_CODE = YES;
				CLANG_WARN__DUPLICATE_METHOD_MATCH = YES;
				COPY_PHASE_STRIP = NO;
				DEBUG_INFORMATION_FORMAT = "dwarf-with-dsym";
				ENABLE_NS_ASSERTIONS = NO;
				ENABLE_STRICT_OBJC_MSGSEND = YES;
				GCC_C_LANGUAGE_STANDARD = gnu11;
				GCC_NO_COMMON_BLOCKS = YES;
				GCC_WARN_64_TO_32_BIT_CONVERSION = YES;
				GCC_WARN_ABOUT_RETURN_TYPE = YES_ERROR;
				GCC_WARN_UNDECLARED_SELECTOR = YES;
				GCC_WARN_UNINITIALIZED_AUTOS = YES_AGGRESSIVE;
				GCC_WARN_UNUSED_FUNCTION = YES;
				GCC_WARN_UNUSED_VARIABLE = YES;
				IPHONEOS_DEPLOYMENT_TARGET = 15.2;
				MTL_ENABLE_DEBUG_INFO = NO;
				MTL_FAST_MATH = YES;
				SDKROOT = iphoneos;
				SWIFT_COMPILATION_MODE = wholemodule;
				SWIFT_OPTIMIZATION_LEVEL = "-O";
				VALIDATE_PRODUCT = YES;
			};
			name = Release;
		};
		74E2C64A276B3209002363B4 /* Debug */ = {
			isa = XCBuildConfiguration;
			buildSettings = {
				ASSETCATALOG_COMPILER_APPICON_NAME = AppIcon;
				ASSETCATALOG_COMPILER_GLOBAL_ACCENT_COLOR_NAME = AccentColor;
				CODE_SIGN_STYLE = Automatic;
				CURRENT_PROJECT_VERSION = 1;
				DEVELOPMENT_TEAM = V2THZTN36Q;
				GENERATE_INFOPLIST_FILE = YES;
				INFOPLIST_FILE = Who_want_to_be_a_millionaire/Info.plist;
				INFOPLIST_KEY_UIApplicationSupportsIndirectInputEvents = YES;
				INFOPLIST_KEY_UILaunchStoryboardName = LaunchScreen;
				INFOPLIST_KEY_UIMainStoryboardFile = Main;
				INFOPLIST_KEY_UIStatusBarHidden = YES;
				INFOPLIST_KEY_UISupportedInterfaceOrientations = UIInterfaceOrientationPortrait;
				INFOPLIST_KEY_UISupportedInterfaceOrientations_iPad = "UIInterfaceOrientationPortrait UIInterfaceOrientationPortraitUpsideDown UIInterfaceOrientationLandscapeLeft UIInterfaceOrientationLandscapeRight";
				INFOPLIST_KEY_UISupportedInterfaceOrientations_iPhone = "UIInterfaceOrientationPortrait UIInterfaceOrientationLandscapeLeft UIInterfaceOrientationLandscapeRight";
				LD_RUNPATH_SEARCH_PATHS = (
					"$(inherited)",
					"@executable_path/Frameworks",
				);
				MARKETING_VERSION = 1.0;
				PRODUCT_BUNDLE_IDENTIFIER = "com.geekbrains.homeworks.Who-want-to-be-a-millionaire";
				PRODUCT_NAME = "$(TARGET_NAME)";
				SWIFT_EMIT_LOC_STRINGS = YES;
				SWIFT_VERSION = 5.0;
				TARGETED_DEVICE_FAMILY = 1;
			};
			name = Debug;
		};
		74E2C64B276B3209002363B4 /* Release */ = {
			isa = XCBuildConfiguration;
			buildSettings = {
				ASSETCATALOG_COMPILER_APPICON_NAME = AppIcon;
				ASSETCATALOG_COMPILER_GLOBAL_ACCENT_COLOR_NAME = AccentColor;
				CODE_SIGN_STYLE = Automatic;
				CURRENT_PROJECT_VERSION = 1;
				DEVELOPMENT_TEAM = V2THZTN36Q;
				GENERATE_INFOPLIST_FILE = YES;
				INFOPLIST_FILE = Who_want_to_be_a_millionaire/Info.plist;
				INFOPLIST_KEY_UIApplicationSupportsIndirectInputEvents = YES;
				INFOPLIST_KEY_UILaunchStoryboardName = LaunchScreen;
				INFOPLIST_KEY_UIMainStoryboardFile = Main;
				INFOPLIST_KEY_UIStatusBarHidden = YES;
				INFOPLIST_KEY_UISupportedInterfaceOrientations = UIInterfaceOrientationPortrait;
				INFOPLIST_KEY_UISupportedInterfaceOrientations_iPad = "UIInterfaceOrientationPortrait UIInterfaceOrientationPortraitUpsideDown UIInterfaceOrientationLandscapeLeft UIInterfaceOrientationLandscapeRight";
				INFOPLIST_KEY_UISupportedInterfaceOrientations_iPhone = "UIInterfaceOrientationPortrait UIInterfaceOrientationLandscapeLeft UIInterfaceOrientationLandscapeRight";
				LD_RUNPATH_SEARCH_PATHS = (
					"$(inherited)",
					"@executable_path/Frameworks",
				);
				MARKETING_VERSION = 1.0;
				PRODUCT_BUNDLE_IDENTIFIER = "com.geekbrains.homeworks.Who-want-to-be-a-millionaire";
				PRODUCT_NAME = "$(TARGET_NAME)";
				SWIFT_EMIT_LOC_STRINGS = YES;
				SWIFT_VERSION = 5.0;
				TARGETED_DEVICE_FAMILY = 1;
			};
			name = Release;
		};
/* End XCBuildConfiguration section */

/* Begin XCConfigurationList section */
		74E2C630276B3208002363B4 /* Build configuration list for PBXProject "Who_want_to_be_a_millionaire" */ = {
			isa = XCConfigurationList;
			buildConfigurations = (
				74E2C647276B3209002363B4 /* Debug */,
				74E2C648276B3209002363B4 /* Release */,
			);
			defaultConfigurationIsVisible = 0;
			defaultConfigurationName = Release;
		};
		74E2C649276B3209002363B4 /* Build configuration list for PBXNativeTarget "Who_want_to_be_a_millionaire" */ = {
			isa = XCConfigurationList;
			buildConfigurations = (
				74E2C64A276B3209002363B4 /* Debug */,
				74E2C64B276B3209002363B4 /* Release */,
			);
			defaultConfigurationIsVisible = 0;
			defaultConfigurationName = Release;
		};
/* End XCConfigurationList section */
	};
	rootObject = 74E2C62D276B3208002363B4 /* Project object */;
}
